// !$*UTF8*$!
{
	archiveVersion = 1;
	classes = {
	};
	objectVersion = 56;
	objects = {

/* Begin PBXBuildFile section */
		EEEE54DC28F598DD00EC0FFF /* AppDelegate.swift in Sources */ = {isa = PBXBuildFile; fileRef = EEEE54DB28F598DD00EC0FFF /* AppDelegate.swift */; };
		EEEE54DE28F598DD00EC0FFF /* SceneDelegate.swift in Sources */ = {isa = PBXBuildFile; fileRef = EEEE54DD28F598DD00EC0FFF /* SceneDelegate.swift */; };
		EEEE54E528F598DE00EC0FFF /* Assets.xcassets in Resources */ = {isa = PBXBuildFile; fileRef = EEEE54E428F598DE00EC0FFF /* Assets.xcassets */; };
		EEEE54E828F598DE00EC0FFF /* LaunchScreen.storyboard in Resources */ = {isa = PBXBuildFile; fileRef = EEEE54E628F598DE00EC0FFF /* LaunchScreen.storyboard */; };
		EEEE55402900342D00EC0FFF /* RequirementView.swift in Sources */ = {isa = PBXBuildFile; fileRef = EEEE553F2900342D00EC0FFF /* RequirementView.swift */; };
		EEEE55432900345700EC0FFF /* RequirementModel.swift in Sources */ = {isa = PBXBuildFile; fileRef = EEEE55422900345700EC0FFF /* RequirementModel.swift */; };
		EEEE55472900348C00EC0FFF /* ViewCoding.swift in Sources */ = {isa = PBXBuildFile; fileRef = EEEE55462900348C00EC0FFF /* ViewCoding.swift */; };
		EEEE554A290034AC00EC0FFF /* Persistence.swift in Sources */ = {isa = PBXBuildFile; fileRef = EEEE5549290034AC00EC0FFF /* Persistence.swift */; };
		EEEE554D290034D700EC0FFF /* RequirementViewController.swift in Sources */ = {isa = PBXBuildFile; fileRef = EEEE554C290034D700EC0FFF /* RequirementViewController.swift */; };
		EEEE55502900351100EC0FFF /* RequirementViewModels.swift in Sources */ = {isa = PBXBuildFile; fileRef = EEEE554F2900351100EC0FFF /* RequirementViewModels.swift */; };
		EEEE5554290041E800EC0FFF /* Api.swift in Sources */ = {isa = PBXBuildFile; fileRef = EEEE5553290041E800EC0FFF /* Api.swift */; };
		EEEE55562905D99D00EC0FFF /* SheetRequirementView.swift in Sources */ = {isa = PBXBuildFile; fileRef = EEEE55552905D99D00EC0FFF /* SheetRequirementView.swift */; };
		EEEE555A29063C0000EC0FFF /* ReqTableViewController.swift in Sources */ = {isa = PBXBuildFile; fileRef = EEEE555929063C0000EC0FFF /* ReqTableViewController.swift */; };
/* End PBXBuildFile section */

/* Begin PBXFileReference section */
		EEEE54D828F598DD00EC0FFF /* Cats.app */ = {isa = PBXFileReference; explicitFileType = wrapper.application; includeInIndex = 0; path = Cats.app; sourceTree = BUILT_PRODUCTS_DIR; };
		EEEE54DB28F598DD00EC0FFF /* AppDelegate.swift */ = {isa = PBXFileReference; lastKnownFileType = sourcecode.swift; path = AppDelegate.swift; sourceTree = "<group>"; };
		EEEE54DD28F598DD00EC0FFF /* SceneDelegate.swift */ = {isa = PBXFileReference; lastKnownFileType = sourcecode.swift; path = SceneDelegate.swift; sourceTree = "<group>"; };
		EEEE54E428F598DE00EC0FFF /* Assets.xcassets */ = {isa = PBXFileReference; lastKnownFileType = folder.assetcatalog; path = Assets.xcassets; sourceTree = "<group>"; };
		EEEE54E728F598DE00EC0FFF /* Base */ = {isa = PBXFileReference; lastKnownFileType = file.storyboard; name = Base; path = Base.lproj/LaunchScreen.storyboard; sourceTree = "<group>"; };
		EEEE54E928F598DE00EC0FFF /* Info.plist */ = {isa = PBXFileReference; lastKnownFileType = text.plist.xml; path = Info.plist; sourceTree = "<group>"; };
		EEEE553F2900342D00EC0FFF /* RequirementView.swift */ = {isa = PBXFileReference; lastKnownFileType = sourcecode.swift; path = RequirementView.swift; sourceTree = "<group>"; };
		EEEE55422900345700EC0FFF /* RequirementModel.swift */ = {isa = PBXFileReference; lastKnownFileType = sourcecode.swift; path = RequirementModel.swift; sourceTree = "<group>"; };
		EEEE55462900348C00EC0FFF /* ViewCoding.swift */ = {isa = PBXFileReference; lastKnownFileType = sourcecode.swift; path = ViewCoding.swift; sourceTree = "<group>"; };
		EEEE5549290034AC00EC0FFF /* Persistence.swift */ = {isa = PBXFileReference; lastKnownFileType = sourcecode.swift; path = Persistence.swift; sourceTree = "<group>"; };
		EEEE554C290034D700EC0FFF /* RequirementViewController.swift */ = {isa = PBXFileReference; lastKnownFileType = sourcecode.swift; path = RequirementViewController.swift; sourceTree = "<group>"; };
		EEEE554F2900351100EC0FFF /* RequirementViewModels.swift */ = {isa = PBXFileReference; lastKnownFileType = sourcecode.swift; path = RequirementViewModels.swift; sourceTree = "<group>"; };
		EEEE5553290041E800EC0FFF /* Api.swift */ = {isa = PBXFileReference; lastKnownFileType = sourcecode.swift; path = Api.swift; sourceTree = "<group>"; };
		EEEE55552905D99D00EC0FFF /* SheetRequirementView.swift */ = {isa = PBXFileReference; lastKnownFileType = sourcecode.swift; path = SheetRequirementView.swift; sourceTree = "<group>"; };
		EEEE555929063C0000EC0FFF /* ReqTableViewController.swift */ = {isa = PBXFileReference; lastKnownFileType = sourcecode.swift; path = ReqTableViewController.swift; sourceTree = "<group>"; };
/* End PBXFileReference section */

/* Begin PBXFrameworksBuildPhase section */
		EEEE54D528F598DD00EC0FFF /* Frameworks */ = {
			isa = PBXFrameworksBuildPhase;
			buildActionMask = 2147483647;
			files = (
			);
			runOnlyForDeploymentPostprocessing = 0;
		};
/* End PBXFrameworksBuildPhase section */

/* Begin PBXGroup section */
		EEEE54CF28F598DD00EC0FFF = {
			isa = PBXGroup;
			children = (
				EEEE54DA28F598DD00EC0FFF /* Cats */,
				EEEE54D928F598DD00EC0FFF /* Products */,
			);
			sourceTree = "<group>";
		};
		EEEE54D928F598DD00EC0FFF /* Products */ = {
			isa = PBXGroup;
			children = (
				EEEE54D828F598DD00EC0FFF /* Cats.app */,
			);
			name = Products;
			sourceTree = "<group>";
		};
		EEEE54DA28F598DD00EC0FFF /* Cats */ = {
			isa = PBXGroup;
			children = (
				EEEE55452900347900EC0FFF /* Protocols */,
				EEEE554E290034FB00EC0FFF /* ViewModels */,
				EEEE554B290034BA00EC0FFF /* ViewControllers */,
				EEEE553E2900341100EC0FFF /* Views */,
				EEEE55442900346D00EC0FFF /* Resources */,
				EEEE55412900343F00EC0FFF /* Models */,
				EEEE54DB28F598DD00EC0FFF /* AppDelegate.swift */,
				EEEE54DD28F598DD00EC0FFF /* SceneDelegate.swift */,
				EEEE54E428F598DE00EC0FFF /* Assets.xcassets */,
				EEEE54E628F598DE00EC0FFF /* LaunchScreen.storyboard */,
				EEEE54E928F598DE00EC0FFF /* Info.plist */,
			);
			path = Cats;
			sourceTree = "<group>";
		};
		EEEE553E2900341100EC0FFF /* Views */ = {
			isa = PBXGroup;
			children = (
				EEEE55552905D99D00EC0FFF /* SheetRequirementView.swift */,
				EEEE553F2900342D00EC0FFF /* RequirementView.swift */,
			);
			path = Views;
			sourceTree = "<group>";
		};
		EEEE55412900343F00EC0FFF /* Models */ = {
			isa = PBXGroup;
			children = (
				EEEE55422900345700EC0FFF /* RequirementModel.swift */,
			);
			path = Models;
			sourceTree = "<group>";
		};
		EEEE55442900346D00EC0FFF /* Resources */ = {
			isa = PBXGroup;
			children = (
				EEEE55482900349B00EC0FFF /* Services */,
			);
			path = Resources;
			sourceTree = "<group>";
		};
		EEEE55452900347900EC0FFF /* Protocols */ = {
			isa = PBXGroup;
			children = (
				EEEE55462900348C00EC0FFF /* ViewCoding.swift */,
			);
			path = Protocols;
			sourceTree = "<group>";
		};
		EEEE55482900349B00EC0FFF /* Services */ = {
			isa = PBXGroup;
			children = (
				EEEE5549290034AC00EC0FFF /* Persistence.swift */,
				EEEE5553290041E800EC0FFF /* Api.swift */,
			);
			path = Services;
			sourceTree = "<group>";
		};
		EEEE554B290034BA00EC0FFF /* ViewControllers */ = {
			isa = PBXGroup;
			children = (
				EEEE554C290034D700EC0FFF /* RequirementViewController.swift */,
				EEEE555929063C0000EC0FFF /* ReqTableViewController.swift */,
			);
			path = ViewControllers;
			sourceTree = "<group>";
		};
		EEEE554E290034FB00EC0FFF /* ViewModels */ = {
			isa = PBXGroup;
			children = (
				EEEE554F2900351100EC0FFF /* RequirementViewModels.swift */,
			);
			path = ViewModels;
			sourceTree = "<group>";
		};
/* End PBXGroup section */

/* Begin PBXNativeTarget section */
		EEEE54D728F598DD00EC0FFF /* Cats */ = {
			isa = PBXNativeTarget;
			buildConfigurationList = EEEE54EC28F598DE00EC0FFF /* Build configuration list for PBXNativeTarget "Cats" */;
			buildPhases = (
				EEEE54D428F598DD00EC0FFF /* Sources */,
				EEEE54D528F598DD00EC0FFF /* Frameworks */,
				EEEE54D628F598DD00EC0FFF /* Resources */,
				EEEE54EF28F5B0AB00EC0FFF /* ShellScript */,
			);
			buildRules = (
			);
			dependencies = (
			);
			name = Cats;
			productName = Cats;
			productReference = EEEE54D828F598DD00EC0FFF /* Cats.app */;
			productType = "com.apple.product-type.application";
		};
/* End PBXNativeTarget section */

/* Begin PBXProject section */
		EEEE54D028F598DD00EC0FFF /* Project object */ = {
			isa = PBXProject;
			attributes = {
				BuildIndependentTargetsInParallel = 1;
				LastSwiftUpdateCheck = 1400;
				LastUpgradeCheck = 1400;
				TargetAttributes = {
					EEEE54D728F598DD00EC0FFF = {
						CreatedOnToolsVersion = 14.0;
					};
				};
			};
			buildConfigurationList = EEEE54D328F598DD00EC0FFF /* Build configuration list for PBXProject "Cats" */;
			compatibilityVersion = "Xcode 14.0";
			developmentRegion = en;
			hasScannedForEncodings = 0;
			knownRegions = (
				en,
				Base,
			);
			mainGroup = EEEE54CF28F598DD00EC0FFF;
			productRefGroup = EEEE54D928F598DD00EC0FFF /* Products */;
			projectDirPath = "";
			projectRoot = "";
			targets = (
				EEEE54D728F598DD00EC0FFF /* Cats */,
			);
		};
/* End PBXProject section */

/* Begin PBXResourcesBuildPhase section */
		EEEE54D628F598DD00EC0FFF /* Resources */ = {
			isa = PBXResourcesBuildPhase;
			buildActionMask = 2147483647;
			files = (
				EEEE54E828F598DE00EC0FFF /* LaunchScreen.storyboard in Resources */,
				EEEE54E528F598DE00EC0FFF /* Assets.xcassets in Resources */,
			);
			runOnlyForDeploymentPostprocessing = 0;
		};
/* End PBXResourcesBuildPhase section */

/* Begin PBXShellScriptBuildPhase section */
		EEEE54EF28F5B0AB00EC0FFF /* ShellScript */ = {
			isa = PBXShellScriptBuildPhase;
			alwaysOutOfDate = 1;
			buildActionMask = 2147483647;
			files = (
			);
			inputFileListPaths = (
			);
			inputPaths = (
			);
			outputFileListPaths = (
			);
			outputPaths = (
			);
			runOnlyForDeploymentPostprocessing = 0;
			shellPath = /bin/sh;
			shellScript = "# Type a script or drag a script file from your workspace to insert its path.\nif which swiftlint >/dev/null; then\nswiftlint\nelse\necho \"warning: Swiftlint not installed, download from https://github.com/realm/SwiftLint\"\nfi\n";
		};
/* End PBXShellScriptBuildPhase section */

/* Begin PBXSourcesBuildPhase section */
		EEEE54D428F598DD00EC0FFF /* Sources */ = {
			isa = PBXSourcesBuildPhase;
			buildActionMask = 2147483647;
			files = (
				EEEE5554290041E800EC0FFF /* Api.swift in Sources */,
				EEEE54DC28F598DD00EC0FFF /* AppDelegate.swift in Sources */,
				EEEE555A29063C0000EC0FFF /* ReqTableViewController.swift in Sources */,
				EEEE55402900342D00EC0FFF /* RequirementView.swift in Sources */,
				EEEE55472900348C00EC0FFF /* ViewCoding.swift in Sources */,
				EEEE55562905D99D00EC0FFF /* SheetRequirementView.swift in Sources */,
				EEEE554D290034D700EC0FFF /* RequirementViewController.swift in Sources */,
				EEEE554A290034AC00EC0FFF /* Persistence.swift in Sources */,
				EEEE55502900351100EC0FFF /* RequirementViewModels.swift in Sources */,
				EEEE55432900345700EC0FFF /* RequirementModel.swift in Sources */,
				EEEE54DE28F598DD00EC0FFF /* SceneDelegate.swift in Sources */,
			);
			runOnlyForDeploymentPostprocessing = 0;
		};
/* End PBXSourcesBuildPhase section */

/* Begin PBXVariantGroup section */
		EEEE54E628F598DE00EC0FFF /* LaunchScreen.storyboard */ = {
			isa = PBXVariantGroup;
			children = (
				EEEE54E728F598DE00EC0FFF /* Base */,
			);
			name = LaunchScreen.storyboard;
			sourceTree = "<group>";
		};
/* End PBXVariantGroup section */

/* Begin XCBuildConfiguration section */
		EEEE54EA28F598DE00EC0FFF /* Debug */ = {
			isa = XCBuildConfiguration;
			buildSettings = {
				ALWAYS_SEARCH_USER_PATHS = NO;
				CLANG_ANALYZER_NONNULL = YES;
				CLANG_ANALYZER_NUMBER_OBJECT_CONVERSION = YES_AGGRESSIVE;
				CLANG_CXX_LANGUAGE_STANDARD = "gnu++20";
				CLANG_ENABLE_MODULES = YES;
				CLANG_ENABLE_OBJC_ARC = YES;
				CLANG_ENABLE_OBJC_WEAK = YES;
				CLANG_WARN_BLOCK_CAPTURE_AUTORELEASING = YES;
				CLANG_WARN_BOOL_CONVERSION = YES;
				CLANG_WARN_COMMA = YES;
				CLANG_WARN_CONSTANT_CONVERSION = YES;
				CLANG_WARN_DEPRECATED_OBJC_IMPLEMENTATIONS = YES;
				CLANG_WARN_DIRECT_OBJC_ISA_USAGE = YES_ERROR;
				CLANG_WARN_DOCUMENTATION_COMMENTS = YES;
				CLANG_WARN_EMPTY_BODY = YES;
				CLANG_WARN_ENUM_CONVERSION = YES;
				CLANG_WARN_INFINITE_RECURSION = YES;
				CLANG_WARN_INT_CONVERSION = YES;
				CLANG_WARN_NON_LITERAL_NULL_CONVERSION = YES;
				CLANG_WARN_OBJC_IMPLICIT_RETAIN_SELF = YES;
				CLANG_WARN_OBJC_LITERAL_CONVERSION = YES;
				CLANG_WARN_OBJC_ROOT_CLASS = YES_ERROR;
				CLANG_WARN_QUOTED_INCLUDE_IN_FRAMEWORK_HEADER = YES;
				CLANG_WARN_RANGE_LOOP_ANALYSIS = YES;
				CLANG_WARN_STRICT_PROTOTYPES = YES;
				CLANG_WARN_SUSPICIOUS_MOVE = YES;
				CLANG_WARN_UNGUARDED_AVAILABILITY = YES_AGGRESSIVE;
				CLANG_WARN_UNREACHABLE_CODE = YES;
				CLANG_WARN__DUPLICATE_METHOD_MATCH = YES;
				COPY_PHASE_STRIP = NO;
				DEBUG_INFORMATION_FORMAT = dwarf;
				ENABLE_STRICT_OBJC_MSGSEND = YES;
				ENABLE_TESTABILITY = YES;
				GCC_C_LANGUAGE_STANDARD = gnu11;
				GCC_DYNAMIC_NO_PIC = NO;
				GCC_NO_COMMON_BLOCKS = YES;
				GCC_OPTIMIZATION_LEVEL = 0;
				GCC_PREPROCESSOR_DEFINITIONS = (
					"DEBUG=1",
					"$(inherited)",
				);
				GCC_WARN_64_TO_32_BIT_CONVERSION = YES;
				GCC_WARN_ABOUT_RETURN_TYPE = YES_ERROR;
				GCC_WARN_UNDECLARED_SELECTOR = YES;
				GCC_WARN_UNINITIALIZED_AUTOS = YES_AGGRESSIVE;
				GCC_WARN_UNUSED_FUNCTION = YES;
				GCC_WARN_UNUSED_VARIABLE = YES;
				IPHONEOS_DEPLOYMENT_TARGET = 16.0;
				MTL_ENABLE_DEBUG_INFO = INCLUDE_SOURCE;
				MTL_FAST_MATH = YES;
				ONLY_ACTIVE_ARCH = YES;
				SDKROOT = iphoneos;
				SWIFT_ACTIVE_COMPILATION_CONDITIONS = DEBUG;
				SWIFT_OPTIMIZATION_LEVEL = "-Onone";
			};
			name = Debug;
		};
		EEEE54EB28F598DE00EC0FFF /* Release */ = {
			isa = XCBuildConfiguration;
			buildSettings = {
				ALWAYS_SEARCH_USER_PATHS = NO;
				CLANG_ANALYZER_NONNULL = YES;
				CLANG_ANALYZER_NUMBER_OBJECT_CONVERSION = YES_AGGRESSIVE;
				CLANG_CXX_LANGUAGE_STANDARD = "gnu++20";
				CLANG_ENABLE_MODULES = YES;
				CLANG_ENABLE_OBJC_ARC = YES;
				CLANG_ENABLE_OBJC_WEAK = YES;
				CLANG_WARN_BLOCK_CAPTURE_AUTORELEASING = YES;
				CLANG_WARN_BOOL_CONVERSION = YES;
				CLANG_WARN_COMMA = YES;
				CLANG_WARN_CONSTANT_CONVERSION = YES;
				CLANG_WARN_DEPRECATED_OBJC_IMPLEMENTATIONS = YES;
				CLANG_WARN_DIRECT_OBJC_ISA_USAGE = YES_ERROR;
				CLANG_WARN_DOCUMENTATION_COMMENTS = YES;
				CLANG_WARN_EMPTY_BODY = YES;
				CLANG_WARN_ENUM_CONVERSION = YES;
				CLANG_WARN_INFINITE_RECURSION = YES;
				CLANG_WARN_INT_CONVERSION = YES;
				CLANG_WARN_NON_LITERAL_NULL_CONVERSION = YES;
				CLANG_WARN_OBJC_IMPLICIT_RETAIN_SELF = YES;
				CLANG_WARN_OBJC_LITERAL_CONVERSION = YES;
				CLANG_WARN_OBJC_ROOT_CLASS = YES_ERROR;
				CLANG_WARN_QUOTED_INCLUDE_IN_FRAMEWORK_HEADER = YES;
				CLANG_WARN_RANGE_LOOP_ANALYSIS = YES;
				CLANG_WARN_STRICT_PROTOTYPES = YES;
				CLANG_WARN_SUSPICIOUS_MOVE = YES;
				CLANG_WARN_UNGUARDED_AVAILABILITY = YES_AGGRESSIVE;
				CLANG_WARN_UNREACHABLE_CODE = YES;
				CLANG_WARN__DUPLICATE_METHOD_MATCH = YES;
				COPY_PHASE_STRIP = NO;
				DEBUG_INFORMATION_FORMAT = "dwarf-with-dsym";
				ENABLE_NS_ASSERTIONS = NO;
				ENABLE_STRICT_OBJC_MSGSEND = YES;
				GCC_C_LANGUAGE_STANDARD = gnu11;
				GCC_NO_COMMON_BLOCKS = YES;
				GCC_WARN_64_TO_32_BIT_CONVERSION = YES;
				GCC_WARN_ABOUT_RETURN_TYPE = YES_ERROR;
				GCC_WARN_UNDECLARED_SELECTOR = YES;
				GCC_WARN_UNINITIALIZED_AUTOS = YES_AGGRESSIVE;
				GCC_WARN_UNUSED_FUNCTION = YES;
				GCC_WARN_UNUSED_VARIABLE = YES;
				IPHONEOS_DEPLOYMENT_TARGET = 16.0;
				MTL_ENABLE_DEBUG_INFO = NO;
				MTL_FAST_MATH = YES;
				SDKROOT = iphoneos;
				SWIFT_COMPILATION_MODE = wholemodule;
				SWIFT_OPTIMIZATION_LEVEL = "-O";
				VALIDATE_PRODUCT = YES;
			};
			name = Release;
		};
		EEEE54ED28F598DE00EC0FFF /* Debug */ = {
			isa = XCBuildConfiguration;
			buildSettings = {
				ASSETCATALOG_COMPILER_APPICON_NAME = AppIcon;
				ASSETCATALOG_COMPILER_GLOBAL_ACCENT_COLOR_NAME = AccentColor;
				CODE_SIGN_STYLE = Automatic;
				CURRENT_PROJECT_VERSION = 1;
				DEVELOPMENT_TEAM = MXSWN6Q9F5;
				GENERATE_INFOPLIST_FILE = YES;
				INFOPLIST_FILE = Cats/Info.plist;
				INFOPLIST_KEY_UIApplicationSupportsIndirectInputEvents = YES;
				INFOPLIST_KEY_UILaunchStoryboardName = LaunchScreen;
				INFOPLIST_KEY_UIStatusBarStyle = "";
				INFOPLIST_KEY_UISupportedInterfaceOrientations_iPad = "UIInterfaceOrientationPortrait UIInterfaceOrientationPortraitUpsideDown UIInterfaceOrientationLandscapeLeft UIInterfaceOrientationLandscapeRight";
				INFOPLIST_KEY_UISupportedInterfaceOrientations_iPhone = "UIInterfaceOrientationPortrait UIInterfaceOrientationLandscapeLeft UIInterfaceOrientationLandscapeRight";
				LD_RUNPATH_SEARCH_PATHS = (
					"$(inherited)",
					"@executable_path/Frameworks",
				);
				MARKETING_VERSION = 1.0;
				PRODUCT_BUNDLE_IDENTIFIER = myself.Cats;
				PRODUCT_NAME = "$(TARGET_NAME)";
				SWIFT_EMIT_LOC_STRINGS = YES;
				SWIFT_VERSION = 5.0;
				TARGETED_DEVICE_FAMILY = "1,2";
			};
			name = Debug;
		};
		EEEE54EE28F598DE00EC0FFF /* Release */ = {
			isa = XCBuildConfiguration;
			buildSettings = {
				ASSETCATALOG_COMPILER_APPICON_NAME = AppIcon;
				ASSETCATALOG_COMPILER_GLOBAL_ACCENT_COLOR_NAME = AccentColor;
				CODE_SIGN_STYLE = Automatic;
				CURRENT_PROJECT_VERSION = 1;
				DEVELOPMENT_TEAM = MXSWN6Q9F5;
				GENERATE_INFOPLIST_FILE = YES;
				INFOPLIST_FILE = Cats/Info.plist;
				INFOPLIST_KEY_UIApplicationSupportsIndirectInputEvents = YES;
				INFOPLIST_KEY_UILaunchStoryboardName = LaunchScreen;
				INFOPLIST_KEY_UIStatusBarStyle = "";
				INFOPLIST_KEY_UISupportedInterfaceOrientations_iPad = "UIInterfaceOrientationPortrait UIInterfaceOrientationPortraitUpsideDown UIInterfaceOrientationLandscapeLeft UIInterfaceOrientationLandscapeRight";
				INFOPLIST_KEY_UISupportedInterfaceOrientations_iPhone = "UIInterfaceOrientationPortrait UIInterfaceOrientationLandscapeLeft UIInterfaceOrientationLandscapeRight";
				LD_RUNPATH_SEARCH_PATHS = (
					"$(inherited)",
					"@executable_path/Frameworks",
				);
				MARKETING_VERSION = 1.0;
				PRODUCT_BUNDLE_IDENTIFIER = myself.Cats;
				PRODUCT_NAME = "$(TARGET_NAME)";
				SWIFT_EMIT_LOC_STRINGS = YES;
				SWIFT_VERSION = 5.0;
				TARGETED_DEVICE_FAMILY = "1,2";
			};
			name = Release;
		};
/* End XCBuildConfiguration section */

/* Begin XCConfigurationList section */
		EEEE54D328F598DD00EC0FFF /* Build configuration list for PBXProject "Cats" */ = {
			isa = XCConfigurationList;
			buildConfigurations = (
				EEEE54EA28F598DE00EC0FFF /* Debug */,
				EEEE54EB28F598DE00EC0FFF /* Release */,
			);
			defaultConfigurationIsVisible = 0;
			defaultConfigurationName = Release;
		};
		EEEE54EC28F598DE00EC0FFF /* Build configuration list for PBXNativeTarget "Cats" */ = {
			isa = XCConfigurationList;
			buildConfigurations = (
				EEEE54ED28F598DE00EC0FFF /* Debug */,
				EEEE54EE28F598DE00EC0FFF /* Release */,
			);
			defaultConfigurationIsVisible = 0;
			defaultConfigurationName = Release;
		};
/* End XCConfigurationList section */
	};
	rootObject = EEEE54D028F598DD00EC0FFF /* Project object */;
}
